// !$*UTF8*$!
{
	archiveVersion = 1;
	classes = {
	};
	objectVersion = 50;
	objects = {

/* Begin PBXBuildFile section */
		3288CC3024669B3A00CBC765 /* AppDelegate.m in Sources */ = {isa = PBXBuildFile; fileRef = 3288CC2F24669B3A00CBC765 /* AppDelegate.m */; };
		3288CC3324669B3A00CBC765 /* SceneDelegate.m in Sources */ = {isa = PBXBuildFile; fileRef = 3288CC3224669B3A00CBC765 /* SceneDelegate.m */; };
		3288CC3924669B3A00CBC765 /* Main.storyboard in Resources */ = {isa = PBXBuildFile; fileRef = 3288CC3724669B3A00CBC765 /* Main.storyboard */; };
		3288CC3C24669B3A00CBC765 /* Daily.xcdatamodeld in Sources */ = {isa = PBXBuildFile; fileRef = 3288CC3A24669B3A00CBC765 /* Daily.xcdatamodeld */; };
		3288CC3E24669B3A00CBC765 /* Assets.xcassets in Resources */ = {isa = PBXBuildFile; fileRef = 3288CC3D24669B3A00CBC765 /* Assets.xcassets */; };
		3288CC4124669B3A00CBC765 /* LaunchScreen.storyboard in Resources */ = {isa = PBXBuildFile; fileRef = 3288CC3F24669B3A00CBC765 /* LaunchScreen.storyboard */; };
		3288CC4424669B3A00CBC765 /* main.m in Sources */ = {isa = PBXBuildFile; fileRef = 3288CC4324669B3A00CBC765 /* main.m */; };
		3288CC4C24669D2D00CBC765 /* NavigationDailyViewController.m in Sources */ = {isa = PBXBuildFile; fileRef = 3288CC4B24669D2D00CBC765 /* NavigationDailyViewController.m */; };
		32DACF612467EF810044E06C /* MasterTableViewController.m in Sources */ = {isa = PBXBuildFile; fileRef = 32DACF602467EF810044E06C /* MasterTableViewController.m */; };
		32DACF642467F3DA0044E06C /* DetailsViewController.m in Sources */ = {isa = PBXBuildFile; fileRef = 32DACF632467F3DA0044E06C /* DetailsViewController.m */; };
/* End PBXBuildFile section */

/* Begin PBXFileReference section */
		3288CC2B24669B3900CBC765 /* Daily.app */ = {isa = PBXFileReference; explicitFileType = wrapper.application; includeInIndex = 0; path = Daily.app; sourceTree = BUILT_PRODUCTS_DIR; };
		3288CC2E24669B3A00CBC765 /* AppDelegate.h */ = {isa = PBXFileReference; lastKnownFileType = sourcecode.c.h; path = AppDelegate.h; sourceTree = "<group>"; };
		3288CC2F24669B3A00CBC765 /* AppDelegate.m */ = {isa = PBXFileReference; lastKnownFileType = sourcecode.c.objc; path = AppDelegate.m; sourceTree = "<group>"; };
		3288CC3124669B3A00CBC765 /* SceneDelegate.h */ = {isa = PBXFileReference; lastKnownFileType = sourcecode.c.h; path = SceneDelegate.h; sourceTree = "<group>"; };
		3288CC3224669B3A00CBC765 /* SceneDelegate.m */ = {isa = PBXFileReference; lastKnownFileType = sourcecode.c.objc; path = SceneDelegate.m; sourceTree = "<group>"; };
		3288CC3824669B3A00CBC765 /* Base */ = {isa = PBXFileReference; lastKnownFileType = file.storyboard; name = Base; path = Base.lproj/Main.storyboard; sourceTree = "<group>"; };
		3288CC3B24669B3A00CBC765 /* Daily.xcdatamodel */ = {isa = PBXFileReference; lastKnownFileType = wrapper.xcdatamodel; path = Daily.xcdatamodel; sourceTree = "<group>"; };
		3288CC3D24669B3A00CBC765 /* Assets.xcassets */ = {isa = PBXFileReference; lastKnownFileType = folder.assetcatalog; path = Assets.xcassets; sourceTree = "<group>"; };
		3288CC4024669B3A00CBC765 /* Base */ = {isa = PBXFileReference; lastKnownFileType = file.storyboard; name = Base; path = Base.lproj/LaunchScreen.storyboard; sourceTree = "<group>"; };
		3288CC4224669B3A00CBC765 /* Info.plist */ = {isa = PBXFileReference; lastKnownFileType = text.plist.xml; path = Info.plist; sourceTree = "<group>"; };
		3288CC4324669B3A00CBC765 /* main.m */ = {isa = PBXFileReference; lastKnownFileType = sourcecode.c.objc; path = main.m; sourceTree = "<group>"; };
		3288CC4A24669D2D00CBC765 /* NavigationDailyViewController.h */ = {isa = PBXFileReference; lastKnownFileType = sourcecode.c.h; path = NavigationDailyViewController.h; sourceTree = "<group>"; };
		3288CC4B24669D2D00CBC765 /* NavigationDailyViewController.m */ = {isa = PBXFileReference; lastKnownFileType = sourcecode.c.objc; path = NavigationDailyViewController.m; sourceTree = "<group>"; };
		32DACF5F2467EF810044E06C /* MasterTableViewController.h */ = {isa = PBXFileReference; lastKnownFileType = sourcecode.c.h; path = MasterTableViewController.h; sourceTree = "<group>"; };
		32DACF602467EF810044E06C /* MasterTableViewController.m */ = {isa = PBXFileReference; lastKnownFileType = sourcecode.c.objc; path = MasterTableViewController.m; sourceTree = "<group>"; };
		32DACF622467F3DA0044E06C /* DetailsViewController.h */ = {isa = PBXFileReference; lastKnownFileType = sourcecode.c.h; path = DetailsViewController.h; sourceTree = "<group>"; };
		32DACF632467F3DA0044E06C /* DetailsViewController.m */ = {isa = PBXFileReference; lastKnownFileType = sourcecode.c.objc; path = DetailsViewController.m; sourceTree = "<group>"; };
/* End PBXFileReference section */

/* Begin PBXFrameworksBuildPhase section */
		3288CC2824669B3900CBC765 /* Frameworks */ = {
			isa = PBXFrameworksBuildPhase;
			buildActionMask = 2147483647;
			files = (
			);
			runOnlyForDeploymentPostprocessing = 0;
		};
/* End PBXFrameworksBuildPhase section */

/* Begin PBXGroup section */
		3288CC2224669B3900CBC765 = {
			isa = PBXGroup;
			children = (
				3288CC2D24669B3900CBC765 /* Daily */,
				3288CC2C24669B3900CBC765 /* Products */,
			);
			sourceTree = "<group>";
		};
		3288CC2C24669B3900CBC765 /* Products */ = {
			isa = PBXGroup;
			children = (
				3288CC2B24669B3900CBC765 /* Daily.app */,
			);
			name = Products;
			sourceTree = "<group>";
		};
		3288CC2D24669B3900CBC765 /* Daily */ = {
			isa = PBXGroup;
			children = (
				3288CC2E24669B3A00CBC765 /* AppDelegate.h */,
				3288CC2F24669B3A00CBC765 /* AppDelegate.m */,
				3288CC3124669B3A00CBC765 /* SceneDelegate.h */,
				3288CC3224669B3A00CBC765 /* SceneDelegate.m */,
				3288CC4A24669D2D00CBC765 /* NavigationDailyViewController.h */,
				3288CC4B24669D2D00CBC765 /* NavigationDailyViewController.m */,
				32DACF5F2467EF810044E06C /* MasterTableViewController.h */,
				32DACF602467EF810044E06C /* MasterTableViewController.m */,
				32DACF622467F3DA0044E06C /* DetailsViewController.h */,
				32DACF632467F3DA0044E06C /* DetailsViewController.m */,
				3288CC3724669B3A00CBC765 /* Main.storyboard */,
				3288CC3D24669B3A00CBC765 /* Assets.xcassets */,
				3288CC3F24669B3A00CBC765 /* LaunchScreen.storyboard */,
				3288CC4224669B3A00CBC765 /* Info.plist */,
				3288CC4324669B3A00CBC765 /* main.m */,
				3288CC3A24669B3A00CBC765 /* Daily.xcdatamodeld */,
			);
			path = Daily;
			sourceTree = "<group>";
		};
/* End PBXGroup section */

/* Begin PBXNativeTarget section */
		3288CC2A24669B3900CBC765 /* Daily */ = {
			isa = PBXNativeTarget;
			buildConfigurationList = 3288CC4724669B3A00CBC765 /* Build configuration list for PBXNativeTarget "Daily" */;
			buildPhases = (
				3288CC2724669B3900CBC765 /* Sources */,
				3288CC2824669B3900CBC765 /* Frameworks */,
				3288CC2924669B3900CBC765 /* Resources */,
			);
			buildRules = (
			);
			dependencies = (
			);
			name = Daily;
			productName = Daily;
			productReference = 3288CC2B24669B3900CBC765 /* Daily.app */;
			productType = "com.apple.product-type.application";
		};
/* End PBXNativeTarget section */

/* Begin PBXProject section */
		3288CC2324669B3900CBC765 /* Project object */ = {
			isa = PBXProject;
			attributes = {
				LastUpgradeCheck = 1140;
				ORGANIZATIONNAME = "Фёдор Морев";
				TargetAttributes = {
					3288CC2A24669B3900CBC765 = {
						CreatedOnToolsVersion = 11.4.1;
					};
				};
			};
			buildConfigurationList = 3288CC2624669B3900CBC765 /* Build configuration list for PBXProject "Daily" */;
			compatibilityVersion = "Xcode 9.3";
			developmentRegion = en;
			hasScannedForEncodings = 0;
			knownRegions = (
				en,
				Base,
			);
			mainGroup = 3288CC2224669B3900CBC765;
			productRefGroup = 3288CC2C24669B3900CBC765 /* Products */;
			projectDirPath = "";
			projectRoot = "";
			targets = (
				3288CC2A24669B3900CBC765 /* Daily */,
			);
		};
/* End PBXProject section */

/* Begin PBXResourcesBuildPhase section */
		3288CC2924669B3900CBC765 /* Resources */ = {
			isa = PBXResourcesBuildPhase;
			buildActionMask = 2147483647;
			files = (
				3288CC4124669B3A00CBC765 /* LaunchScreen.storyboard in Resources */,
				3288CC3E24669B3A00CBC765 /* Assets.xcassets in Resources */,
				3288CC3924669B3A00CBC765 /* Main.storyboard in Resources */,
			);
			runOnlyForDeploymentPostprocessing = 0;
		};
/* End PBXResourcesBuildPhase section */

/* Begin PBXSourcesBuildPhase section */
		3288CC2724669B3900CBC765 /* Sources */ = {
			isa = PBXSourcesBuildPhase;
			buildActionMask = 2147483647;
			files = (
				3288CC4424669B3A00CBC765 /* main.m in Sources */,
				3288CC3C24669B3A00CBC765 /* Daily.xcdatamodeld in Sources */,
				3288CC3024669B3A00CBC765 /* AppDelegate.m in Sources */,
				3288CC4C24669D2D00CBC765 /* NavigationDailyViewController.m in Sources */,
				32DACF642467F3DA0044E06C /* DetailsViewController.m in Sources */,
				3288CC3324669B3A00CBC765 /* SceneDelegate.m in Sources */,
				32DACF612467EF810044E06C /* MasterTableViewController.m in Sources */,
			);
			runOnlyForDeploymentPostprocessing = 0;
		};
/* End PBXSourcesBuildPhase section */

/* Begin PBXVariantGroup section */
		3288CC3724669B3A00CBC765 /* Main.storyboard */ = {
			isa = PBXVariantGroup;
			children = (
				3288CC3824669B3A00CBC765 /* Base */,
			);
			name = Main.storyboard;
			sourceTree = "<group>";
		};
		3288CC3F24669B3A00CBC765 /* LaunchScreen.storyboard */ = {
			isa = PBXVariantGroup;
			children = (
				3288CC4024669B3A00CBC765 /* Base */,
			);
			name = LaunchScreen.storyboard;
			sourceTree = "<group>";
		};
/* End PBXVariantGroup section */

/* Begin XCBuildConfiguration section */
		3288CC4524669B3A00CBC765 /* Debug */ = {
			isa = XCBuildConfiguration;
			buildSettings = {
				ALWAYS_SEARCH_USER_PATHS = NO;
				CLANG_ANALYZER_NONNULL = YES;
				CLANG_ANALYZER_NUMBER_OBJECT_CONVERSION = YES_AGGRESSIVE;
				CLANG_CXX_LANGUAGE_STANDARD = "gnu++14";
				CLANG_CXX_LIBRARY = "libc++";
				CLANG_ENABLE_MODULES = YES;
				CLANG_ENABLE_OBJC_ARC = YES;
				CLANG_ENABLE_OBJC_WEAK = YES;
				CLANG_WARN_BLOCK_CAPTURE_AUTORELEASING = YES;
				CLANG_WARN_BOOL_CONVERSION = YES;
				CLANG_WARN_COMMA = YES;
				CLANG_WARN_CONSTANT_CONVERSION = YES;
				CLANG_WARN_DEPRECATED_OBJC_IMPLEMENTATIONS = YES;
				CLANG_WARN_DIRECT_OBJC_ISA_USAGE = YES_ERROR;
				CLANG_WARN_DOCUMENTATION_COMMENTS = YES;
				CLANG_WARN_EMPTY_BODY = YES;
				CLANG_WARN_ENUM_CONVERSION = YES;
				CLANG_WARN_INFINITE_RECURSION = YES;
				CLANG_WARN_INT_CONVERSION = YES;
				CLANG_WARN_NON_LITERAL_NULL_CONVERSION = YES;
				CLANG_WARN_OBJC_IMPLICIT_RETAIN_SELF = YES;
				CLANG_WARN_OBJC_LITERAL_CONVERSION = YES;
				CLANG_WARN_OBJC_ROOT_CLASS = YES_ERROR;
				CLANG_WARN_RANGE_LOOP_ANALYSIS = YES;
				CLANG_WARN_STRICT_PROTOTYPES = YES;
				CLANG_WARN_SUSPICIOUS_MOVE = YES;
				CLANG_WARN_UNGUARDED_AVAILABILITY = YES_AGGRESSIVE;
				CLANG_WARN_UNREACHABLE_CODE = YES;
				CLANG_WARN__DUPLICATE_METHOD_MATCH = YES;
				COPY_PHASE_STRIP = NO;
				DEBUG_INFORMATION_FORMAT = dwarf;
				ENABLE_STRICT_OBJC_MSGSEND = YES;
				ENABLE_TESTABILITY = YES;
				GCC_C_LANGUAGE_STANDARD = gnu11;
				GCC_DYNAMIC_NO_PIC = NO;
				GCC_NO_COMMON_BLOCKS = YES;
				GCC_OPTIMIZATION_LEVEL = 0;
				GCC_PREPROCESSOR_DEFINITIONS = (
					"DEBUG=1",
					"$(inherited)",
				);
				GCC_WARN_64_TO_32_BIT_CONVERSION = YES;
				GCC_WARN_ABOUT_RETURN_TYPE = YES_ERROR;
				GCC_WARN_UNDECLARED_SELECTOR = YES;
				GCC_WARN_UNINITIALIZED_AUTOS = YES_AGGRESSIVE;
				GCC_WARN_UNUSED_FUNCTION = YES;
				GCC_WARN_UNUSED_VARIABLE = YES;
				IPHONEOS_DEPLOYMENT_TARGET = 13.4;
				MTL_ENABLE_DEBUG_INFO = INCLUDE_SOURCE;
				MTL_FAST_MATH = YES;
				ONLY_ACTIVE_ARCH = YES;
				SDKROOT = iphoneos;
			};
			name = Debug;
		};
		3288CC4624669B3A00CBC765 /* Release */ = {
			isa = XCBuildConfiguration;
			buildSettings = {
				ALWAYS_SEARCH_USER_PATHS = NO;
				CLANG_ANALYZER_NONNULL = YES;
				CLANG_ANALYZER_NUMBER_OBJECT_CONVERSION = YES_AGGRESSIVE;
				CLANG_CXX_LANGUAGE_STANDARD = "gnu++14";
				CLANG_CXX_LIBRARY = "libc++";
				CLANG_ENABLE_MODULES = YES;
				CLANG_ENABLE_OBJC_ARC = YES;
				CLANG_ENABLE_OBJC_WEAK = YES;
				CLANG_WARN_BLOCK_CAPTURE_AUTORELEASING = YES;
				CLANG_WARN_BOOL_CONVERSION = YES;
				CLANG_WARN_COMMA = YES;
				CLANG_WARN_CONSTANT_CONVERSION = YES;
				CLANG_WARN_DEPRECATED_OBJC_IMPLEMENTATIONS = YES;
				CLANG_WARN_DIRECT_OBJC_ISA_USAGE = YES_ERROR;
				CLANG_WARN_DOCUMENTATION_COMMENTS = YES;
				CLANG_WARN_EMPTY_BODY = YES;
				CLANG_WARN_ENUM_CONVERSION = YES;
				CLANG_WARN_INFINITE_RECURSION = YES;
				CLANG_WARN_INT_CONVERSION = YES;
				CLANG_WARN_NON_LITERAL_NULL_CONVERSION = YES;
				CLANG_WARN_OBJC_IMPLICIT_RETAIN_SELF = YES;
				CLANG_WARN_OBJC_LITERAL_CONVERSION = YES;
				CLANG_WARN_OBJC_ROOT_CLASS = YES_ERROR;
				CLANG_WARN_RANGE_LOOP_ANALYSIS = YES;
				CLANG_WARN_STRICT_PROTOTYPES = YES;
				CLANG_WARN_SUSPICIOUS_MOVE = YES;
				CLANG_WARN_UNGUARDED_AVAILABILITY = YES_AGGRESSIVE;
				CLANG_WARN_UNREACHABLE_CODE = YES;
				CLANG_WARN__DUPLICATE_METHOD_MATCH = YES;
				COPY_PHASE_STRIP = NO;
				DEBUG_INFORMATION_FORMAT = "dwarf-with-dsym";
				ENABLE_NS_ASSERTIONS = NO;
				ENABLE_STRICT_OBJC_MSGSEND = YES;
				GCC_C_LANGUAGE_STANDARD = gnu11;
				GCC_NO_COMMON_BLOCKS = YES;
				GCC_WARN_64_TO_32_BIT_CONVERSION = YES;
				GCC_WARN_ABOUT_RETURN_TYPE = YES_ERROR;
				GCC_WARN_UNDECLARED_SELECTOR = YES;
				GCC_WARN_UNINITIALIZED_AUTOS = YES_AGGRESSIVE;
				GCC_WARN_UNUSED_FUNCTION = YES;
				GCC_WARN_UNUSED_VARIABLE = YES;
				IPHONEOS_DEPLOYMENT_TARGET = 13.4;
				MTL_ENABLE_DEBUG_INFO = NO;
				MTL_FAST_MATH = YES;
				SDKROOT = iphoneos;
				VALIDATE_PRODUCT = YES;
			};
			name = Release;
		};
		3288CC4824669B3A00CBC765 /* Debug */ = {
			isa = XCBuildConfiguration;
			buildSettings = {
				ASSETCATALOG_COMPILER_APPICON_NAME = AppIcon;
				CODE_SIGN_STYLE = Automatic;
				DEVELOPMENT_TEAM = X4634FD8JW;
				INFOPLIST_FILE = Daily/Info.plist;
				LD_RUNPATH_SEARCH_PATHS = (
					"$(inherited)",
					"@executable_path/Frameworks",
				);
				PRODUCT_BUNDLE_IDENTIFIER = obj.c.Daily;
				PRODUCT_NAME = "$(TARGET_NAME)";
				TARGETED_DEVICE_FAMILY = "1,2";
			};
			name = Debug;
		};
		3288CC4924669B3A00CBC765 /* Release */ = {
			isa = XCBuildConfiguration;
			buildSettings = {
				ASSETCATALOG_COMPILER_APPICON_NAME = AppIcon;
				CODE_SIGN_STYLE = Automatic;
				DEVELOPMENT_TEAM = X4634FD8JW;
				INFOPLIST_FILE = Daily/Info.plist;
				LD_RUNPATH_SEARCH_PATHS = (
					"$(inherited)",
					"@executable_path/Frameworks",
				);
				PRODUCT_BUNDLE_IDENTIFIER = obj.c.Daily;
				PRODUCT_NAME = "$(TARGET_NAME)";
				TARGETED_DEVICE_FAMILY = "1,2";
			};
			name = Release;
		};
/* End XCBuildConfiguration section */

/* Begin XCConfigurationList section */
		3288CC2624669B3900CBC765 /* Build configuration list for PBXProject "Daily" */ = {
			isa = XCConfigurationList;
			buildConfigurations = (
				3288CC4524669B3A00CBC765 /* Debug */,
				3288CC4624669B3A00CBC765 /* Release */,
			);
			defaultConfigurationIsVisible = 0;
			defaultConfigurationName = Release;
		};
		3288CC4724669B3A00CBC765 /* Build configuration list for PBXNativeTarget "Daily" */ = {
			isa = XCConfigurationList;
			buildConfigurations = (
				3288CC4824669B3A00CBC765 /* Debug */,
				3288CC4924669B3A00CBC765 /* Release */,
			);
			defaultConfigurationIsVisible = 0;
			defaultConfigurationName = Release;
		};
/* End XCConfigurationList section */

/* Begin XCVersionGroup section */
		3288CC3A24669B3A00CBC765 /* Daily.xcdatamodeld */ = {
			isa = XCVersionGroup;
			children = (
				3288CC3B24669B3A00CBC765 /* Daily.xcdatamodel */,
			);
			currentVersion = 3288CC3B24669B3A00CBC765 /* Daily.xcdatamodel */;
			path = Daily.xcdatamodeld;
			sourceTree = "<group>";
			versionGroupType = wrapper.xcdatamodel;
		};
/* End XCVersionGroup section */
	};
	rootObject = 3288CC2324669B3900CBC765 /* Project object */;
}
